github.com/mj41/s-w42-eu-assets v0.0.0-20261009141421-00508e664a0d h1:J/9VCqywIUTqanHiVdf/DhxgUnWbQs6Se/g/5RbpZng=
github.com/mj41/s-w42-eu-assets v0.0.0-20261009141421-00508e664a0d/go.mod h1:m8CD5eCkRtSrckrl3q8Xav6hrsjv6WZyV7XfdbXrn8E=
github.com/mj41/s-w42-eu-assets v0.0.0-20261009160121-18d17409254e h1:QTlEcuR7MTkBCPEg6YaBffldAG8YjJM9AxP1T9AI0iM=
github.com/mj41/s-w42-eu-assets v0.0.0-20261009160121-18d17409254e/go.mod h1:m8CD5eCkRtSrckrl3q8Xav6hrsjv6WZyV7XfdbXrn8E=
github.com/mj41/s-w42-eu-assets v0.0.0-20261009213103-86e21d762520 h1:dx4OKysspMzv9ywFnSn9px6c1awbfn+bfgb/mBSViYA=
github.com/mj41/s-w42-eu-assets v0.0.0-20261009213103-86e21d762520/go.mod h1:m8CD5eCkRtSrckrl3q8Xav6hrsjv6WZyV7XfdbXrn8E=
