github.com/mj41/s-w42-eu-assets v0.0.0-20261009141421-00508e664a0d h1:J/9VCqywIUTqanHiVdf/DhxgUnWbQs6Se/g/5RbpZng=
github.com/mj41/s-w42-eu-assets v0.0.0-20261009141421-00508e664a0d/go.mod h1:m8CD5eCkRtSrckrl3q8Xav6hrsjv6WZyV7XfdbXrn8E=
github.com/mj41/s-w42-eu-assets v0.0.0-20261009160121-18d17409254e h1:QTlEcuR7MTkBCPEg6YaBffldAG8YjJM9AxP1T9AI0iM=
github.com/mj41/s-w42-eu-assets v0.0.0-20261009160121-18d17409254e/go.mod h1:m8CD5eCkRtSrckrl3q8Xav6hrsjv6WZyV7XfdbXrn8E=
github.com/mj41/s-w42-eu-assets v0.0.0-20261009213103-86e21d762520 h1:dx4OKysspMzv9ywFnSn9px6c1awbfn+bfgb/mBSViYA=
github.com/mj41/s-w42-eu-assets v0.0.0-20261009213103-86e21d762520/go.mod h1:m8CD5eCkRtSrckrl3q8Xav6hrsjv6WZyV7XfdbXrn8E=
github.com/mj41/s-w42-eu-assets v0.0.0-20261009214436-4ccb6c82b0b4 h1:VAKF14PzvOtODpU4D8xRgcHuCy9jn9Ia0CPUCWyZzZs=
github.com/mj41/s-w42-eu-assets v0.0.0-20261009214436-4ccb6c82b0b4/go.mod h1:m8CD5eCkRtSrckrl3q8Xav6hrsjv6WZyV7XfdbXrn8E=
github.com/mj41/s-w42-eu-assets v0.0.0-20261009221217-7e2460145e71 h1:j4isZcg4njaahSXWW5D9C8pNRfRbn2+tjG0+Y0WoIlc=
github.com/mj41/s-w42-eu-assets v0.0.0-20261009221217-7e2460145e71/go.mod h1:m8CD5eCkRtSrckrl3q8Xav6hrsjv6WZyV7XfdbXrn8E=
github.com/mj41/s-w42-eu-assets v0.0.0-20261009221709-9448ef813d81 h1:sEaU8IQ9XQYjgmECluCuGiy2y2Hs38XPWDag30v89K8=
github.com/mj41/s-w42-eu-assets v0.0.0-20261009221709-9448ef813d81/go.mod h1:m8CD5eCkRtSrckrl3q8Xav6hrsjv6WZyV7XfdbXrn8E=
github.com/mj41/s-w42-eu-assets v0.0.0-20261009222334-90ac85c6e451 h1:TmGcs3wv6XvK09pVS/hzjyXqtl9g+lqd+5+lh6GRZiE=
github.com/mj41/s-w42-eu-assets v0.0.0-20261009222334-90ac85c6e451/go.mod h1:m8CD5eCkRtSrckrl3q8Xav6hrsjv6WZyV7XfdbXrn8E=
github.com/mj41/s-w42-eu-assets v0.0.0-20261009224129-802af0631608 h1:0R2yABGs373VcWnTVCjGMdlwioPxR2+YnDDITRCQByM=
github.com/mj41/s-w42-eu-assets v0.0.0-20261009224129-802af0631608/go.mod h1:m8CD5eCkRtSrckrl3q8Xav6hrsjv6WZyV7XfdbXrn8E=
github.com/mj41/s-w42-eu-assets v0.0.0-20261009224334-d6e02d20bac8 h1:pzw6vSoHnqi/8cHFOul0nzXV6XmvktGk5impwqDZa1s=
github.com/mj41/s-w42-eu-assets v0.0.0-20261009224334-d6e02d20bac8/go.mod h1:m8CD5eCkRtSrckrl3q8Xav6hrsjv6WZyV7XfdbXrn8E=
github.com/mj41/s-w42-eu-assets v0.0.0-20261009225223-3de8d977227d h1:zQQm0i2B2zIUKb2wdCoryjdYamNDIJe/E9T/n8516iQ=
github.com/mj41/s-w42-eu-assets v0.0.0-20261009225223-3de8d977227d/go.mod h1:m8CD5eCkRtSrckrl3q8Xav6hrsjv6WZyV7XfdbXrn8E=
github.com/mj41/s-w42-eu-assets v0.0.0-20261009225506-b9c0294e9af3 h1:Drfbi4nCvd5U3d2vPwCE2l6Yt2BEFdMjuayG/dGOj2g=
github.com/mj41/s-w42-eu-assets v0.0.0-20261009225506-b9c0294e9af3/go.mod h1:m8CD5eCkRtSrckrl3q8Xav6hrsjv6WZyV7XfdbXrn8E=
github.com/mj41/s-w42-eu-assets v0.0.0-20261010071241-b5c9233f6e28 h1:aLBU4vGykNqy8VVvGd4UhUj4Hu1MQrEkszstilQxjPs=
github.com/mj41/s-w42-eu-assets v0.0.0-20261010071241-b5c9233f6e28/go.mod h1:m8CD5eCkRtSrckrl3q8Xav6hrsjv6WZyV7XfdbXrn8E=
github.com/mj41/s-w42-eu-assets v0.0.0-20261010072811-6e0e38b607c0 h1:XUbpRAAhw8qLvAHXU4NTaChvrcjCaFUb3F78WHjC26A=
github.com/mj41/s-w42-eu-assets v0.0.0-20261010072811-6e0e38b607c0/go.mod h1:m8CD5eCkRtSrckrl3q8Xav6hrsjv6WZyV7XfdbXrn8E=
github.com/mj41/s-w42-eu-assets v0.0.0-20261010212620-7457a65da648 h1:g4W5vyodXYwrjqMxjbrSvHFRv4JZeK2HdBCavUh2thk=
github.com/mj41/s-w42-eu-assets v0.0.0-20261010212620-7457a65da648/go.mod h1:m8CD5eCkRtSrckrl3q8Xav6hrsjv6WZyV7XfdbXrn8E=
